
Microsoft Visual Studio Solution File, Format Version 12.00
# Visual Studio Version 16
VisualStudioVersion = 16.0.31624.102
MinimumVisualStudioVersion = 10.0.40219.1
Project("{8BC9CEB8-8B4A-11D0-8D11-00A0C91BC942}") = "HT53", "HT53\HT53.vcxproj", "{78598ADF-14F4-4FE7-B6EC-40942F2B9C6E}"
EndProject
Global
	GlobalSection(SolutionConfigurationPlatforms) = preSolution
		Debug|x64 = Debug|x64
		Debug|x86 = Debug|x86
		Release|x64 = Release|x64
		Release|x86 = Release|x86
	EndGlobalSection
	GlobalSection(ProjectConfigurationPlatforms) = postSolution
		{78598ADF-14F4-4FE7-B6EC-40942F2B9C6E}.Debug|x64.ActiveCfg = Debug|x64
		{78598ADF-14F4-4FE7-B6EC-40942F2B9C6E}.Debug|x64.Build.0 = Debug|x64
		{78598ADF-14F4-4FE7-B6EC-40942F2B9C6E}.Debug|x86.ActiveCfg = Debug|Win32
		{78598ADF-14F4-4FE7-B6EC-40942F2B9C6E}.Debug|x86.Build.0 = Debug|Win32
		{78598ADF-14F4-4FE7-B6EC-40942F2B9C6E}.Release|x64.ActiveCfg = Release|x64
		{78598ADF-14F4-4FE7-B6EC-40942F2B9C6E}.Release|x64.Build.0 = Release|x64
		{78598ADF-14F4-4FE7-B6EC-40942F2B9C6E}.Release|x86.ActiveCfg = Release|Win32
		{78598ADF-14F4-4FE7-B6EC-40942F2B9C6E}.Release|x86.Build.0 = Release|Win32
	EndGlobalSection
	GlobalSection(SolutionProperties) = preSolution
		HideSolutionNode = FALSE
	EndGlobalSection
	GlobalSection(ExtensibilityGlobals) = postSolution
		SolutionGuid = {52FCB3F0-7B95-4C35-987E-1B1F641696D0}
	EndGlobalSection
EndGlobal
