
Microsoft Visual Studio Solution File, Format Version 12.00
# Visual Studio Version 16
VisualStudioVersion = 16.0.31624.102
MinimumVisualStudioVersion = 10.0.40219.1
Project("{8BC9CEB8-8B4A-11D0-8D11-00A0C91BC942}") = "HT23", "HT23\HT23.vcxproj", "{D990061F-CB15-4ABD-8B93-B3AD13FABE8E}"
EndProject
Global
	GlobalSection(SolutionConfigurationPlatforms) = preSolution
		Debug|x64 = Debug|x64
		Debug|x86 = Debug|x86
		Release|x64 = Release|x64
		Release|x86 = Release|x86
	EndGlobalSection
	GlobalSection(ProjectConfigurationPlatforms) = postSolution
		{D990061F-CB15-4ABD-8B93-B3AD13FABE8E}.Debug|x64.ActiveCfg = Debug|x64
		{D990061F-CB15-4ABD-8B93-B3AD13FABE8E}.Debug|x64.Build.0 = Debug|x64
		{D990061F-CB15-4ABD-8B93-B3AD13FABE8E}.Debug|x86.ActiveCfg = Debug|Win32
		{D990061F-CB15-4ABD-8B93-B3AD13FABE8E}.Debug|x86.Build.0 = Debug|Win32
		{D990061F-CB15-4ABD-8B93-B3AD13FABE8E}.Release|x64.ActiveCfg = Release|x64
		{D990061F-CB15-4ABD-8B93-B3AD13FABE8E}.Release|x64.Build.0 = Release|x64
		{D990061F-CB15-4ABD-8B93-B3AD13FABE8E}.Release|x86.ActiveCfg = Release|Win32
		{D990061F-CB15-4ABD-8B93-B3AD13FABE8E}.Release|x86.Build.0 = Release|Win32
	EndGlobalSection
	GlobalSection(SolutionProperties) = preSolution
		HideSolutionNode = FALSE
	EndGlobalSection
	GlobalSection(ExtensibilityGlobals) = postSolution
		SolutionGuid = {5F1A40F9-11D1-4CB7-AF62-92EFF66D7FA9}
	EndGlobalSection
EndGlobal
