
Microsoft Visual Studio Solution File, Format Version 12.00
# Visual Studio Version 16
VisualStudioVersion = 16.0.31624.102
MinimumVisualStudioVersion = 10.0.40219.1
Project("{8BC9CEB8-8B4A-11D0-8D11-00A0C91BC942}") = "HT21", "HT21\HT21.vcxproj", "{3E0DC1EC-6A09-4F62-A64B-DA2A6554DEFF}"
EndProject
Global
	GlobalSection(SolutionConfigurationPlatforms) = preSolution
		Debug|x64 = Debug|x64
		Debug|x86 = Debug|x86
		Release|x64 = Release|x64
		Release|x86 = Release|x86
	EndGlobalSection
	GlobalSection(ProjectConfigurationPlatforms) = postSolution
		{3E0DC1EC-6A09-4F62-A64B-DA2A6554DEFF}.Debug|x64.ActiveCfg = Debug|x64
		{3E0DC1EC-6A09-4F62-A64B-DA2A6554DEFF}.Debug|x64.Build.0 = Debug|x64
		{3E0DC1EC-6A09-4F62-A64B-DA2A6554DEFF}.Debug|x86.ActiveCfg = Debug|Win32
		{3E0DC1EC-6A09-4F62-A64B-DA2A6554DEFF}.Debug|x86.Build.0 = Debug|Win32
		{3E0DC1EC-6A09-4F62-A64B-DA2A6554DEFF}.Release|x64.ActiveCfg = Release|x64
		{3E0DC1EC-6A09-4F62-A64B-DA2A6554DEFF}.Release|x64.Build.0 = Release|x64
		{3E0DC1EC-6A09-4F62-A64B-DA2A6554DEFF}.Release|x86.ActiveCfg = Release|Win32
		{3E0DC1EC-6A09-4F62-A64B-DA2A6554DEFF}.Release|x86.Build.0 = Release|Win32
	EndGlobalSection
	GlobalSection(SolutionProperties) = preSolution
		HideSolutionNode = FALSE
	EndGlobalSection
	GlobalSection(ExtensibilityGlobals) = postSolution
		SolutionGuid = {AACF68B0-81EA-4A90-A9C5-EB9013AD4438}
	EndGlobalSection
EndGlobal
